// !$*UTF8*$!
{
	archiveVersion = 1;
	classes = {
	};
	objectVersion = 56;
	objects = {

/* Begin PBXBuildFile section */
		2A0E39DB2C4D4D2B00AC32A4 /* AttractionViewModel.swift in Sources */ = {isa = PBXBuildFile; fileRef = 2A0E39DA2C4D4D2B00AC32A4 /* AttractionViewModel.swift */; };
		2A0E39DD2C4D59E300AC32A4 /* RouteProgressStat.swift in Sources */ = {isa = PBXBuildFile; fileRef = 2A0E39DC2C4D59E300AC32A4 /* RouteProgressStat.swift */; };
		2A0E39E02C4D76AD00AC32A4 /* LocationManager.swift in Sources */ = {isa = PBXBuildFile; fileRef = 2A0E39DF2C4D76AD00AC32A4 /* LocationManager.swift */; };
		2A0E39E32C4DB68100AC32A4 /* FileManager.swift in Sources */ = {isa = PBXBuildFile; fileRef = 2A0E39E22C4DB68100AC32A4 /* FileManager.swift */; };
		2A0E39E52C4E520800AC32A4 /* Fireworks.swift in Sources */ = {isa = PBXBuildFile; fileRef = 2A0E39E42C4E520800AC32A4 /* Fireworks.swift */; };
		2A0E39E72C4E931200AC32A4 /* FinishRoutePopup.swift in Sources */ = {isa = PBXBuildFile; fileRef = 2A0E39E62C4E931200AC32A4 /* FinishRoutePopup.swift */; };
		2A0E39E92C4EC38A00AC32A4 /* Confetti.swift in Sources */ = {isa = PBXBuildFile; fileRef = 2A0E39E82C4EC38A00AC32A4 /* Confetti.swift */; };
		2A0E39EB2C4EF07300AC32A4 /* RouteClock.swift in Sources */ = {isa = PBXBuildFile; fileRef = 2A0E39EA2C4EF07300AC32A4 /* RouteClock.swift */; };
		2A0E39ED2C4F110B00AC32A4 /* StartRouteGreeting.swift in Sources */ = {isa = PBXBuildFile; fileRef = 2A0E39EC2C4F110B00AC32A4 /* StartRouteGreeting.swift */; };
		2A0E39EF2C4FF4FA00AC32A4 /* ActionBanner.swift in Sources */ = {isa = PBXBuildFile; fileRef = 2A0E39EE2C4FF4FA00AC32A4 /* ActionBanner.swift */; };
		2A0E39F12C4FF6E100AC32A4 /* FinishedRoutesView.swift in Sources */ = {isa = PBXBuildFile; fileRef = 2A0E39F02C4FF6E100AC32A4 /* FinishedRoutesView.swift */; };
		2A0E39F32C4FF75200AC32A4 /* CurrentRouteStorage.swift in Sources */ = {isa = PBXBuildFile; fileRef = 2A0E39F22C4FF75200AC32A4 /* CurrentRouteStorage.swift */; };
		2A0E39F72C5016E200AC32A4 /* AuthController.swift in Sources */ = {isa = PBXBuildFile; fileRef = 2A0E39F62C5016E200AC32A4 /* AuthController.swift */; };
		2A0E39F92C501E9500AC32A4 /* TEMP_UserStorage.swift in Sources */ = {isa = PBXBuildFile; fileRef = 2A0E39F82C501E9500AC32A4 /* TEMP_UserStorage.swift */; };
		2A0E39FB2C50227D00AC32A4 /* TabView.swift in Sources */ = {isa = PBXBuildFile; fileRef = 2A0E39FA2C50227D00AC32A4 /* TabView.swift */; };
		2A0E3A052C5043C400AC32A4 /* AuthView.swift in Sources */ = {isa = PBXBuildFile; fileRef = 2A0E3A042C5043C400AC32A4 /* AuthView.swift */; };
		2A0E3A072C51800100AC32A4 /* UsersService.swift in Sources */ = {isa = PBXBuildFile; fileRef = 2A0E3A062C51800100AC32A4 /* UsersService.swift */; };
		2A0E3A092C51801200AC32A4 /* RoutesService.swift in Sources */ = {isa = PBXBuildFile; fileRef = 2A0E3A082C51801100AC32A4 /* RoutesService.swift */; };
		2A0E3A0B2C51A78A00AC32A4 /* FinishedRoutesViewModel.swift in Sources */ = {isa = PBXBuildFile; fileRef = 2A0E3A0A2C51A78A00AC32A4 /* FinishedRoutesViewModel.swift */; };
		2A58EA912C40769C00F9A4C0 /* OnRouteView.swift in Sources */ = {isa = PBXBuildFile; fileRef = 2A58EA902C40769C00F9A4C0 /* OnRouteView.swift */; };
		2A58EA932C40778100F9A4C0 /* OnRouteViewModel.swift in Sources */ = {isa = PBXBuildFile; fileRef = 2A58EA922C40778100F9A4C0 /* OnRouteViewModel.swift */; };
		2A58EA952C40788200F9A4C0 /* RouteAttractionAnnotation.swift in Sources */ = {isa = PBXBuildFile; fileRef = 2A58EA942C40788200F9A4C0 /* RouteAttractionAnnotation.swift */; };
		2A76D4A52C15C944007908E0 /* MapContent.swift in Sources */ = {isa = PBXBuildFile; fileRef = 2A76D4A42C15C944007908E0 /* MapContent.swift */; };
		2A76D4A72C15D13D007908E0 /* ImagesSlidesHeader.swift in Sources */ = {isa = PBXBuildFile; fileRef = 2A76D4A62C15D13D007908E0 /* ImagesSlidesHeader.swift */; };
		2A76D4AA2C15D5D7007908E0 /* MapAttractionView.swift in Sources */ = {isa = PBXBuildFile; fileRef = 2A76D4A92C15D5D7007908E0 /* MapAttractionView.swift */; };
		2A76D4AC2C15F2D7007908E0 /* AttractionSheetContent.swift in Sources */ = {isa = PBXBuildFile; fileRef = 2A76D4AB2C15F2D7007908E0 /* AttractionSheetContent.swift */; };
		2A76D4AE2C15FF56007908E0 /* ButtonView.swift in Sources */ = {isa = PBXBuildFile; fileRef = 2A76D4AD2C15FF56007908E0 /* ButtonView.swift */; };
		2A76D4B02C160C2D007908E0 /* CategoryLabel.swift in Sources */ = {isa = PBXBuildFile; fileRef = 2A76D4AF2C160C2D007908E0 /* CategoryLabel.swift */; };
		2A76D4B32C1621D2007908E0 /* DEPRICATED_RouteStopsView.swift in Sources */ = {isa = PBXBuildFile; fileRef = 2A76D4B22C1621D2007908E0 /* DEPRICATED_RouteStopsView.swift */; };
		2A76D4B52C162306007908E0 /* MapLinkButton.swift in Sources */ = {isa = PBXBuildFile; fileRef = 2A76D4B42C162306007908E0 /* MapLinkButton.swift */; };
		2A76D4B72C1624D6007908E0 /* RouteStopCard.swift in Sources */ = {isa = PBXBuildFile; fileRef = 2A76D4B62C1624D6007908E0 /* RouteStopCard.swift */; };
		2A76D4B92C170A6B007908E0 /* PathConnection.swift in Sources */ = {isa = PBXBuildFile; fileRef = 2A76D4B82C170A6B007908E0 /* PathConnection.swift */; };
		2A76D4BB2C171846007908E0 /* RouteStopsViewModel.swift in Sources */ = {isa = PBXBuildFile; fileRef = 2A76D4BA2C171846007908E0 /* RouteStopsViewModel.swift */; };
		2A76D4BD2C171FD3007908E0 /* AttractionSearchViewModel.swift in Sources */ = {isa = PBXBuildFile; fileRef = 2A76D4BC2C171FD3007908E0 /* AttractionSearchViewModel.swift */; };
		2A76D4BF2C172AAD007908E0 /* BackButton.swift in Sources */ = {isa = PBXBuildFile; fileRef = 2A76D4BE2C172AAD007908E0 /* BackButton.swift */; };
		2A76D4C12C1736C1007908E0 /* AttractionListButton.swift in Sources */ = {isa = PBXBuildFile; fileRef = 2A76D4C02C1736C1007908E0 /* AttractionListButton.swift */; };
		2A76D4C32C18F7E5007908E0 /* RouteSheetContent.swift in Sources */ = {isa = PBXBuildFile; fileRef = 2A76D4C22C18F7E5007908E0 /* RouteSheetContent.swift */; };
		2A76D4C62C18F849007908E0 /* RouteStopsList.swift in Sources */ = {isa = PBXBuildFile; fileRef = 2A76D4C52C18F849007908E0 /* RouteStopsList.swift */; };
		2A76D4C82C1A0A35007908E0 /* MapRouteView.swift in Sources */ = {isa = PBXBuildFile; fileRef = 2A76D4C72C1A0A35007908E0 /* MapRouteView.swift */; };
		2A76D4CE2C1B9653007908E0 /* PopUp.swift in Sources */ = {isa = PBXBuildFile; fileRef = 2A76D4CD2C1B9653007908E0 /* PopUp.swift */; };
		2A76D4D12C1CBB70007908E0 /* FinishCreateView.swift in Sources */ = {isa = PBXBuildFile; fileRef = 2A76D4D02C1CBB70007908E0 /* FinishCreateView.swift */; };
		2A76D4D32C1F6A65007908E0 /* RouteLabelRow.swift in Sources */ = {isa = PBXBuildFile; fileRef = 2A76D4D22C1F6A65007908E0 /* RouteLabelRow.swift */; };
		2A76D4D52C1F6C05007908E0 /* CustomTextField.swift in Sources */ = {isa = PBXBuildFile; fileRef = 2A76D4D42C1F6C05007908E0 /* CustomTextField.swift */; };
		2A76D4D72C205DE5007908E0 /* FinishCreateViewModel.swift in Sources */ = {isa = PBXBuildFile; fileRef = 2A76D4D62C205DE5007908E0 /* FinishCreateViewModel.swift */; };
		2A8506922C0A8A65003A3117 /* NetworkMonitor.swift in Sources */ = {isa = PBXBuildFile; fileRef = 2A8506912C0A8A65003A3117 /* NetworkMonitor.swift */; };
		2AA5B10B2C08B890001EC475 /* LondonExplorerApp.swift in Sources */ = {isa = PBXBuildFile; fileRef = 2AA5B10A2C08B890001EC475 /* LondonExplorerApp.swift */; };
		2AA5B10D2C08B890001EC475 /* ContentView.swift in Sources */ = {isa = PBXBuildFile; fileRef = 2AA5B10C2C08B890001EC475 /* ContentView.swift */; };
		2AA5B10F2C08B891001EC475 /* Assets.xcassets in Resources */ = {isa = PBXBuildFile; fileRef = 2AA5B10E2C08B891001EC475 /* Assets.xcassets */; };
		2AA5B1122C08B891001EC475 /* Preview Assets.xcassets in Resources */ = {isa = PBXBuildFile; fileRef = 2AA5B1112C08B891001EC475 /* Preview Assets.xcassets */; };
		2AA5B1192C08B8CC001EC475 /* MainScreenView.swift in Sources */ = {isa = PBXBuildFile; fileRef = 2AA5B1182C08B8CC001EC475 /* MainScreenView.swift */; };
		2AA5B11D2C08B9BE001EC475 /* Sirukota.ttf in Resources */ = {isa = PBXBuildFile; fileRef = 2AA5B11C2C08B9BE001EC475 /* Sirukota.ttf */; };
		2AA5B1222C08D7C1001EC475 /* MockData.swift in Sources */ = {isa = PBXBuildFile; fileRef = 2AA5B1212C08D7C1001EC475 /* MockData.swift */; };
		2AA5B1252C08D885001EC475 /* Route.swift in Sources */ = {isa = PBXBuildFile; fileRef = 2AA5B1242C08D885001EC475 /* Route.swift */; };
		2AA5B1272C08E17E001EC475 /* FriendUpdate.swift in Sources */ = {isa = PBXBuildFile; fileRef = 2AA5B1262C08E17E001EC475 /* FriendUpdate.swift */; };
		2AA5B1292C090417001EC475 /* LondonExplorerLogo.swift in Sources */ = {isa = PBXBuildFile; fileRef = 2AA5B1282C090417001EC475 /* LondonExplorerLogo.swift */; };
		2AA5B12C2C0904C5001EC475 /* RouteCard.swift in Sources */ = {isa = PBXBuildFile; fileRef = 2AA5B12B2C0904C5001EC475 /* RouteCard.swift */; };
		2AA5B12E2C0909BC001EC475 /* SuggestedRoutesCarousel.swift in Sources */ = {isa = PBXBuildFile; fileRef = 2AA5B12D2C0909BC001EC475 /* SuggestedRoutesCarousel.swift */; };
		2AA5B1302C090A33001EC475 /* TextStyles.swift in Sources */ = {isa = PBXBuildFile; fileRef = 2AA5B12F2C090A33001EC475 /* TextStyles.swift */; };
		2AA5B1322C090EE4001EC475 /* SectionHeader.swift in Sources */ = {isa = PBXBuildFile; fileRef = 2AA5B1312C090EE4001EC475 /* SectionHeader.swift */; };
		2AA5B1342C0923BD001EC475 /* FriendsFeed.swift in Sources */ = {isa = PBXBuildFile; fileRef = 2AA5B1332C0923BD001EC475 /* FriendsFeed.swift */; };
		2AA5B1362C09D7BB001EC475 /* FeedUpdate.swift in Sources */ = {isa = PBXBuildFile; fileRef = 2AA5B1352C09D7BB001EC475 /* FeedUpdate.swift */; };
		2AA5B1382C09E4FD001EC475 /* OnRouteWidget.swift in Sources */ = {isa = PBXBuildFile; fileRef = 2AA5B1372C09E4FD001EC475 /* OnRouteWidget.swift */; };
		2AA5B13A2C09E52B001EC475 /* RouteProgress.swift in Sources */ = {isa = PBXBuildFile; fileRef = 2AA5B1392C09E52B001EC475 /* RouteProgress.swift */; };
		2AA5B13C2C09E5E5001EC475 /* User.swift in Sources */ = {isa = PBXBuildFile; fileRef = 2AA5B13B2C09E5E5001EC475 /* User.swift */; };
		2AA5B13F2C09F673001EC475 /* ImageStyles.swift in Sources */ = {isa = PBXBuildFile; fileRef = 2AA5B13E2C09F673001EC475 /* ImageStyles.swift */; };
		2AA5B1412C09FB2E001EC475 /* RouteProgressBar.swift in Sources */ = {isa = PBXBuildFile; fileRef = 2AA5B1402C09FB2E001EC475 /* RouteProgressBar.swift */; };
		2AA5B1432C0A017E001EC475 /* RouteProgressView.swift in Sources */ = {isa = PBXBuildFile; fileRef = 2AA5B1422C0A017E001EC475 /* RouteProgressView.swift */; };
		2AA5B1452C0A02BA001EC475 /* FriendsOnRouteWidget.swift in Sources */ = {isa = PBXBuildFile; fileRef = 2AA5B1442C0A02BA001EC475 /* FriendsOnRouteWidget.swift */; };
		2AA5B14E2C0A11C9001EC475 /* DownloadedRoutesWidget.swift in Sources */ = {isa = PBXBuildFile; fileRef = 2AA5B14D2C0A11C9001EC475 /* DownloadedRoutesWidget.swift */; };
		2AA5B1502C0A1396001EC475 /* WidgetError.swift in Sources */ = {isa = PBXBuildFile; fileRef = 2AA5B14F2C0A1396001EC475 /* WidgetError.swift */; };
		2AA5B1532C0A166E001EC475 /* Label.swift in Sources */ = {isa = PBXBuildFile; fileRef = 2AA5B1522C0A166E001EC475 /* Label.swift */; };
		2AA5B1572C0A18BC001EC475 /* EmptyStateBanner.swift in Sources */ = {isa = PBXBuildFile; fileRef = 2AA5B1562C0A18BC001EC475 /* EmptyStateBanner.swift */; };
		2AA9B8DE2C527D9E001F27B9 /* CreateRoutePath.swift in Sources */ = {isa = PBXBuildFile; fileRef = 2AA9B8DD2C527D9E001F27B9 /* CreateRoutePath.swift */; };
		2AA9B8E02C527DC6001F27B9 /* RouteNavigation.swift in Sources */ = {isa = PBXBuildFile; fileRef = 2AA9B8DF2C527DC6001F27B9 /* RouteNavigation.swift */; };
		2AC56A802C28C0F400F7249B /* GoogleService-Info.plist in Resources */ = {isa = PBXBuildFile; fileRef = 2AC56A7F2C28C0F400F7249B /* GoogleService-Info.plist */; };
		2AC56A842C28C31D00F7249B /* FirebaseAuth in Frameworks */ = {isa = PBXBuildFile; productRef = 2AC56A832C28C31D00F7249B /* FirebaseAuth */; };
		2AC56A862C28C31D00F7249B /* FirebaseStorage in Frameworks */ = {isa = PBXBuildFile; productRef = 2AC56A852C28C31D00F7249B /* FirebaseStorage */; };
		2AC56A892C28C51B00F7249B /* AttractionsService.swift in Sources */ = {isa = PBXBuildFile; fileRef = 2AC56A882C28C51B00F7249B /* AttractionsService.swift */; };
		2AC56A8B2C28C6BF00F7249B /* ImagesRepository.swift in Sources */ = {isa = PBXBuildFile; fileRef = 2AC56A8A2C28C6BF00F7249B /* ImagesRepository.swift */; };
		2AC56A8D2C2987B900F7249B /* ErrorScreen.swift in Sources */ = {isa = PBXBuildFile; fileRef = 2AC56A8C2C2987B900F7249B /* ErrorScreen.swift */; };
		2AD4B9612C0CC4A300B90C8A /* MainScreenHeader.swift in Sources */ = {isa = PBXBuildFile; fileRef = 2AD4B9602C0CC4A300B90C8A /* MainScreenHeader.swift */; };
		2AD4B9632C0CD98E00B90C8A /* LoadingStyle.swift in Sources */ = {isa = PBXBuildFile; fileRef = 2AD4B9622C0CD98E00B90C8A /* LoadingStyle.swift */; };
		2AD4B9652C0CDAFC00B90C8A /* LoadingView.swift in Sources */ = {isa = PBXBuildFile; fileRef = 2AD4B9642C0CDAFC00B90C8A /* LoadingView.swift */; };
		2AE8A0202C13A20A005E0F62 /* CreateRouteView.swift in Sources */ = {isa = PBXBuildFile; fileRef = 2AE8A01F2C13A20A005E0F62 /* CreateRouteView.swift */; };
		2AE8A0222C13A2C6005E0F62 /* ScreenHeader.swift in Sources */ = {isa = PBXBuildFile; fileRef = 2AE8A0212C13A2C6005E0F62 /* ScreenHeader.swift */; };
		2AE8A0242C13ACB2005E0F62 /* AttractionsSearchView.swift in Sources */ = {isa = PBXBuildFile; fileRef = 2AE8A0232C13ACB2005E0F62 /* AttractionsSearchView.swift */; };
		2AE8A0292C14A6C4005E0F62 /* YourRoutesCarousel.swift in Sources */ = {isa = PBXBuildFile; fileRef = 2AE8A0282C14A6C4005E0F62 /* YourRoutesCarousel.swift */; };
		2AE8A02D2C14BA39005E0F62 /* CreateRouteCard.swift in Sources */ = {isa = PBXBuildFile; fileRef = 2AE8A02C2C14BA39005E0F62 /* CreateRouteCard.swift */; };
		2AE8A02F2C14BDB2005E0F62 /* Attraction.swift in Sources */ = {isa = PBXBuildFile; fileRef = 2AE8A02E2C14BDB2005E0F62 /* Attraction.swift */; };
		2AE8A0352C14E674005E0F62 /* AttractionCard.swift in Sources */ = {isa = PBXBuildFile; fileRef = 2AE8A0342C14E674005E0F62 /* AttractionCard.swift */; };
		2AE8A0372C14E8D3005E0F62 /* AttractionCategoriesCarousel.swift in Sources */ = {isa = PBXBuildFile; fileRef = 2AE8A0362C14E8D3005E0F62 /* AttractionCategoriesCarousel.swift */; };
		2AE8A03C2C14F3C1005E0F62 /* AttractionView.swift in Sources */ = {isa = PBXBuildFile; fileRef = 2AE8A03B2C14F3C1005E0F62 /* AttractionView.swift */; };
		2AFD1F562C21B26C0061060E /* ImageCodableExtension.swift in Sources */ = {isa = PBXBuildFile; fileRef = 2AFD1F552C21B26C0061060E /* ImageCodableExtension.swift */; };
		2AFD1F592C21DAA40061060E /* CoordinatesCodableExtension.swift in Sources */ = {isa = PBXBuildFile; fileRef = 2AFD1F582C21DAA40061060E /* CoordinatesCodableExtension.swift */; };
		2AFD1F5B2C21DAC80061060E /* CodableMKRoute.swift in Sources */ = {isa = PBXBuildFile; fileRef = 2AFD1F5A2C21DAC80061060E /* CodableMKRoute.swift */; };
		2AFD1F5D2C21DAEC0061060E /* CodableMKPolyline.swift in Sources */ = {isa = PBXBuildFile; fileRef = 2AFD1F5C2C21DAEC0061060E /* CodableMKPolyline.swift */; };
		2AFD1F5F2C237E820061060E /* RoutesStorage.swift in Sources */ = {isa = PBXBuildFile; fileRef = 2AFD1F5E2C237E820061060E /* RoutesStorage.swift */; };
		2AFD1F622C237F3E0061060E /* SavedRouteView.swift in Sources */ = {isa = PBXBuildFile; fileRef = 2AFD1F612C237F3E0061060E /* SavedRouteView.swift */; };
		2AFD1F652C247FA60061060E /* RouteDataView.swift in Sources */ = {isa = PBXBuildFile; fileRef = 2AFD1F642C247FA60061060E /* RouteDataView.swift */; };
		2AFD1F672C247FDF0061060E /* RouteButton.swift in Sources */ = {isa = PBXBuildFile; fileRef = 2AFD1F662C247FDF0061060E /* RouteButton.swift */; };
		2AFD1F6B2C2481930061060E /* RouteMapContent.swift in Sources */ = {isa = PBXBuildFile; fileRef = 2AFD1F6A2C2481930061060E /* RouteMapContent.swift */; };
		2AFD1F6D2C248D250061060E /* RouteView.swift in Sources */ = {isa = PBXBuildFile; fileRef = 2AFD1F6C2C248D250061060E /* RouteView.swift */; };
		2AFD1F6F2C2497580061060E /* RouteViewModel.swift in Sources */ = {isa = PBXBuildFile; fileRef = 2AFD1F6E2C2497580061060E /* RouteViewModel.swift */; };
		2AFD1F742C249F4D0061060E /* ProfileView.swift in Sources */ = {isa = PBXBuildFile; fileRef = 2AFD1F732C249F4D0061060E /* ProfileView.swift */; };
		2AFD1F762C249F7F0061060E /* ProfileViewModel.swift in Sources */ = {isa = PBXBuildFile; fileRef = 2AFD1F752C249F7F0061060E /* ProfileViewModel.swift */; };
		2AFD1F782C25E2AC0061060E /* DEPRICATED_EditRouteStopsView.swift in Sources */ = {isa = PBXBuildFile; fileRef = 2AFD1F772C25E2AC0061060E /* DEPRICATED_EditRouteStopsView.swift */; };
		2AFD1F7A2C25E4770061060E /* CreateStopsView.swift in Sources */ = {isa = PBXBuildFile; fileRef = 2AFD1F792C25E4770061060E /* CreateStopsView.swift */; };
		2AFD1F7C2C2744230061060E /* EditRouteView.swift in Sources */ = {isa = PBXBuildFile; fileRef = 2AFD1F7B2C2744230061060E /* EditRouteView.swift */; };
/* End PBXBuildFile section */

/* Begin PBXBuildRule section */
		2AC56A812C28C14600F7249B /* PBXBuildRule */ = {
			isa = PBXBuildRule;
			compilerSpec = com.apple.compilers.proxy.script;
			fileType = pattern.proxy;
			inputFiles = (
			);
			isEditable = 1;
			outputFiles = (
			);
			script = "# Type a script or drag a script file from your workspace to insert its path.\n";
		};
/* End PBXBuildRule section */

/* Begin PBXFileReference section */
		2A0E39DA2C4D4D2B00AC32A4 /* AttractionViewModel.swift */ = {isa = PBXFileReference; lastKnownFileType = sourcecode.swift; path = AttractionViewModel.swift; sourceTree = "<group>"; };
		2A0E39DC2C4D59E300AC32A4 /* RouteProgressStat.swift */ = {isa = PBXFileReference; lastKnownFileType = sourcecode.swift; path = RouteProgressStat.swift; sourceTree = "<group>"; };
		2A0E39DF2C4D76AD00AC32A4 /* LocationManager.swift */ = {isa = PBXFileReference; lastKnownFileType = sourcecode.swift; path = LocationManager.swift; sourceTree = "<group>"; };
		2A0E39E22C4DB68100AC32A4 /* FileManager.swift */ = {isa = PBXFileReference; lastKnownFileType = sourcecode.swift; path = FileManager.swift; sourceTree = "<group>"; };
		2A0E39E42C4E520800AC32A4 /* Fireworks.swift */ = {isa = PBXFileReference; lastKnownFileType = sourcecode.swift; path = Fireworks.swift; sourceTree = "<group>"; };
		2A0E39E62C4E931200AC32A4 /* FinishRoutePopup.swift */ = {isa = PBXFileReference; lastKnownFileType = sourcecode.swift; path = FinishRoutePopup.swift; sourceTree = "<group>"; };
		2A0E39E82C4EC38A00AC32A4 /* Confetti.swift */ = {isa = PBXFileReference; lastKnownFileType = sourcecode.swift; path = Confetti.swift; sourceTree = "<group>"; };
		2A0E39EA2C4EF07300AC32A4 /* RouteClock.swift */ = {isa = PBXFileReference; lastKnownFileType = sourcecode.swift; path = RouteClock.swift; sourceTree = "<group>"; };
		2A0E39EC2C4F110B00AC32A4 /* StartRouteGreeting.swift */ = {isa = PBXFileReference; lastKnownFileType = sourcecode.swift; path = StartRouteGreeting.swift; sourceTree = "<group>"; };
		2A0E39EE2C4FF4FA00AC32A4 /* ActionBanner.swift */ = {isa = PBXFileReference; lastKnownFileType = sourcecode.swift; path = ActionBanner.swift; sourceTree = "<group>"; };
		2A0E39F02C4FF6E100AC32A4 /* FinishedRoutesView.swift */ = {isa = PBXFileReference; lastKnownFileType = sourcecode.swift; path = FinishedRoutesView.swift; sourceTree = "<group>"; };
		2A0E39F22C4FF75200AC32A4 /* CurrentRouteStorage.swift */ = {isa = PBXFileReference; lastKnownFileType = sourcecode.swift; path = CurrentRouteStorage.swift; sourceTree = "<group>"; };
		2A0E39F62C5016E200AC32A4 /* AuthController.swift */ = {isa = PBXFileReference; lastKnownFileType = sourcecode.swift; path = AuthController.swift; sourceTree = "<group>"; };
		2A0E39F82C501E9500AC32A4 /* TEMP_UserStorage.swift */ = {isa = PBXFileReference; lastKnownFileType = sourcecode.swift; path = TEMP_UserStorage.swift; sourceTree = "<group>"; };
		2A0E39FA2C50227D00AC32A4 /* TabView.swift */ = {isa = PBXFileReference; lastKnownFileType = sourcecode.swift; path = TabView.swift; sourceTree = "<group>"; };
		2A0E3A042C5043C400AC32A4 /* AuthView.swift */ = {isa = PBXFileReference; lastKnownFileType = sourcecode.swift; path = AuthView.swift; sourceTree = "<group>"; };
		2A0E3A062C51800100AC32A4 /* UsersService.swift */ = {isa = PBXFileReference; lastKnownFileType = sourcecode.swift; path = UsersService.swift; sourceTree = "<group>"; };
		2A0E3A082C51801100AC32A4 /* RoutesService.swift */ = {isa = PBXFileReference; lastKnownFileType = sourcecode.swift; path = RoutesService.swift; sourceTree = "<group>"; };
		2A0E3A0A2C51A78A00AC32A4 /* FinishedRoutesViewModel.swift */ = {isa = PBXFileReference; lastKnownFileType = sourcecode.swift; path = FinishedRoutesViewModel.swift; sourceTree = "<group>"; };
		2A58EA902C40769C00F9A4C0 /* OnRouteView.swift */ = {isa = PBXFileReference; lastKnownFileType = sourcecode.swift; path = OnRouteView.swift; sourceTree = "<group>"; };
		2A58EA922C40778100F9A4C0 /* OnRouteViewModel.swift */ = {isa = PBXFileReference; lastKnownFileType = sourcecode.swift; path = OnRouteViewModel.swift; sourceTree = "<group>"; };
		2A58EA942C40788200F9A4C0 /* RouteAttractionAnnotation.swift */ = {isa = PBXFileReference; lastKnownFileType = sourcecode.swift; path = RouteAttractionAnnotation.swift; sourceTree = "<group>"; };
		2A76D4A42C15C944007908E0 /* MapContent.swift */ = {isa = PBXFileReference; lastKnownFileType = sourcecode.swift; path = MapContent.swift; sourceTree = "<group>"; };
		2A76D4A62C15D13D007908E0 /* ImagesSlidesHeader.swift */ = {isa = PBXFileReference; lastKnownFileType = sourcecode.swift; path = ImagesSlidesHeader.swift; sourceTree = "<group>"; };
		2A76D4A92C15D5D7007908E0 /* MapAttractionView.swift */ = {isa = PBXFileReference; lastKnownFileType = sourcecode.swift; path = MapAttractionView.swift; sourceTree = "<group>"; };
		2A76D4AB2C15F2D7007908E0 /* AttractionSheetContent.swift */ = {isa = PBXFileReference; lastKnownFileType = sourcecode.swift; path = AttractionSheetContent.swift; sourceTree = "<group>"; };
		2A76D4AD2C15FF56007908E0 /* ButtonView.swift */ = {isa = PBXFileReference; lastKnownFileType = sourcecode.swift; path = ButtonView.swift; sourceTree = "<group>"; };
		2A76D4AF2C160C2D007908E0 /* CategoryLabel.swift */ = {isa = PBXFileReference; lastKnownFileType = sourcecode.swift; path = CategoryLabel.swift; sourceTree = "<group>"; };
		2A76D4B22C1621D2007908E0 /* DEPRICATED_RouteStopsView.swift */ = {isa = PBXFileReference; lastKnownFileType = sourcecode.swift; path = DEPRICATED_RouteStopsView.swift; sourceTree = "<group>"; };
		2A76D4B42C162306007908E0 /* MapLinkButton.swift */ = {isa = PBXFileReference; lastKnownFileType = sourcecode.swift; path = MapLinkButton.swift; sourceTree = "<group>"; };
		2A76D4B62C1624D6007908E0 /* RouteStopCard.swift */ = {isa = PBXFileReference; lastKnownFileType = sourcecode.swift; path = RouteStopCard.swift; sourceTree = "<group>"; };
		2A76D4B82C170A6B007908E0 /* PathConnection.swift */ = {isa = PBXFileReference; lastKnownFileType = sourcecode.swift; path = PathConnection.swift; sourceTree = "<group>"; };
		2A76D4BA2C171846007908E0 /* RouteStopsViewModel.swift */ = {isa = PBXFileReference; lastKnownFileType = sourcecode.swift; path = RouteStopsViewModel.swift; sourceTree = "<group>"; };
		2A76D4BC2C171FD3007908E0 /* AttractionSearchViewModel.swift */ = {isa = PBXFileReference; lastKnownFileType = sourcecode.swift; path = AttractionSearchViewModel.swift; sourceTree = "<group>"; };
		2A76D4BE2C172AAD007908E0 /* BackButton.swift */ = {isa = PBXFileReference; lastKnownFileType = sourcecode.swift; path = BackButton.swift; sourceTree = "<group>"; };
		2A76D4C02C1736C1007908E0 /* AttractionListButton.swift */ = {isa = PBXFileReference; lastKnownFileType = sourcecode.swift; path = AttractionListButton.swift; sourceTree = "<group>"; };
		2A76D4C22C18F7E5007908E0 /* RouteSheetContent.swift */ = {isa = PBXFileReference; lastKnownFileType = sourcecode.swift; path = RouteSheetContent.swift; sourceTree = "<group>"; };
		2A76D4C52C18F849007908E0 /* RouteStopsList.swift */ = {isa = PBXFileReference; lastKnownFileType = sourcecode.swift; path = RouteStopsList.swift; sourceTree = "<group>"; };
		2A76D4C72C1A0A35007908E0 /* MapRouteView.swift */ = {isa = PBXFileReference; lastKnownFileType = sourcecode.swift; path = MapRouteView.swift; sourceTree = "<group>"; };
		2A76D4CD2C1B9653007908E0 /* PopUp.swift */ = {isa = PBXFileReference; lastKnownFileType = sourcecode.swift; path = PopUp.swift; sourceTree = "<group>"; };
		2A76D4D02C1CBB70007908E0 /* FinishCreateView.swift */ = {isa = PBXFileReference; lastKnownFileType = sourcecode.swift; path = FinishCreateView.swift; sourceTree = "<group>"; };
		2A76D4D22C1F6A65007908E0 /* RouteLabelRow.swift */ = {isa = PBXFileReference; lastKnownFileType = sourcecode.swift; path = RouteLabelRow.swift; sourceTree = "<group>"; };
		2A76D4D42C1F6C05007908E0 /* CustomTextField.swift */ = {isa = PBXFileReference; lastKnownFileType = sourcecode.swift; path = CustomTextField.swift; sourceTree = "<group>"; };
		2A76D4D62C205DE5007908E0 /* FinishCreateViewModel.swift */ = {isa = PBXFileReference; lastKnownFileType = sourcecode.swift; path = FinishCreateViewModel.swift; sourceTree = "<group>"; };
		2A8506912C0A8A65003A3117 /* NetworkMonitor.swift */ = {isa = PBXFileReference; lastKnownFileType = sourcecode.swift; path = NetworkMonitor.swift; sourceTree = "<group>"; };
		2AA5B1072C08B890001EC475 /* LondonExplorer.app */ = {isa = PBXFileReference; explicitFileType = wrapper.application; includeInIndex = 0; path = LondonExplorer.app; sourceTree = BUILT_PRODUCTS_DIR; };
		2AA5B10A2C08B890001EC475 /* LondonExplorerApp.swift */ = {isa = PBXFileReference; lastKnownFileType = sourcecode.swift; path = LondonExplorerApp.swift; sourceTree = "<group>"; };
		2AA5B10C2C08B890001EC475 /* ContentView.swift */ = {isa = PBXFileReference; lastKnownFileType = sourcecode.swift; path = ContentView.swift; sourceTree = "<group>"; };
		2AA5B10E2C08B891001EC475 /* Assets.xcassets */ = {isa = PBXFileReference; lastKnownFileType = folder.assetcatalog; path = Assets.xcassets; sourceTree = "<group>"; };
		2AA5B1112C08B891001EC475 /* Preview Assets.xcassets */ = {isa = PBXFileReference; lastKnownFileType = folder.assetcatalog; path = "Preview Assets.xcassets"; sourceTree = "<group>"; };
		2AA5B1182C08B8CC001EC475 /* MainScreenView.swift */ = {isa = PBXFileReference; lastKnownFileType = sourcecode.swift; path = MainScreenView.swift; sourceTree = "<group>"; };
		2AA5B11C2C08B9BE001EC475 /* Sirukota.ttf */ = {isa = PBXFileReference; lastKnownFileType = file; path = Sirukota.ttf; sourceTree = "<group>"; };
		2AA5B11F2C08BDB5001EC475 /* Info.plist */ = {isa = PBXFileReference; lastKnownFileType = text.plist; path = Info.plist; sourceTree = "<group>"; };
		2AA5B1212C08D7C1001EC475 /* MockData.swift */ = {isa = PBXFileReference; lastKnownFileType = sourcecode.swift; path = MockData.swift; sourceTree = "<group>"; };
		2AA5B1242C08D885001EC475 /* Route.swift */ = {isa = PBXFileReference; lastKnownFileType = sourcecode.swift; path = Route.swift; sourceTree = "<group>"; };
		2AA5B1262C08E17E001EC475 /* FriendUpdate.swift */ = {isa = PBXFileReference; lastKnownFileType = sourcecode.swift; path = FriendUpdate.swift; sourceTree = "<group>"; };
		2AA5B1282C090417001EC475 /* LondonExplorerLogo.swift */ = {isa = PBXFileReference; lastKnownFileType = sourcecode.swift; path = LondonExplorerLogo.swift; sourceTree = "<group>"; };
		2AA5B12B2C0904C5001EC475 /* RouteCard.swift */ = {isa = PBXFileReference; lastKnownFileType = sourcecode.swift; path = RouteCard.swift; sourceTree = "<group>"; };
		2AA5B12D2C0909BC001EC475 /* SuggestedRoutesCarousel.swift */ = {isa = PBXFileReference; lastKnownFileType = sourcecode.swift; path = SuggestedRoutesCarousel.swift; sourceTree = "<group>"; };
		2AA5B12F2C090A33001EC475 /* TextStyles.swift */ = {isa = PBXFileReference; lastKnownFileType = sourcecode.swift; path = TextStyles.swift; sourceTree = "<group>"; };
		2AA5B1312C090EE4001EC475 /* SectionHeader.swift */ = {isa = PBXFileReference; lastKnownFileType = sourcecode.swift; path = SectionHeader.swift; sourceTree = "<group>"; };
		2AA5B1332C0923BD001EC475 /* FriendsFeed.swift */ = {isa = PBXFileReference; lastKnownFileType = sourcecode.swift; path = FriendsFeed.swift; sourceTree = "<group>"; };
		2AA5B1352C09D7BB001EC475 /* FeedUpdate.swift */ = {isa = PBXFileReference; lastKnownFileType = sourcecode.swift; path = FeedUpdate.swift; sourceTree = "<group>"; };
		2AA5B1372C09E4FD001EC475 /* OnRouteWidget.swift */ = {isa = PBXFileReference; lastKnownFileType = sourcecode.swift; path = OnRouteWidget.swift; sourceTree = "<group>"; };
		2AA5B1392C09E52B001EC475 /* RouteProgress.swift */ = {isa = PBXFileReference; lastKnownFileType = sourcecode.swift; path = RouteProgress.swift; sourceTree = "<group>"; };
		2AA5B13B2C09E5E5001EC475 /* User.swift */ = {isa = PBXFileReference; lastKnownFileType = sourcecode.swift; path = User.swift; sourceTree = "<group>"; };
		2AA5B13E2C09F673001EC475 /* ImageStyles.swift */ = {isa = PBXFileReference; lastKnownFileType = sourcecode.swift; path = ImageStyles.swift; sourceTree = "<group>"; };
		2AA5B1402C09FB2E001EC475 /* RouteProgressBar.swift */ = {isa = PBXFileReference; lastKnownFileType = sourcecode.swift; path = RouteProgressBar.swift; sourceTree = "<group>"; };
		2AA5B1422C0A017E001EC475 /* RouteProgressView.swift */ = {isa = PBXFileReference; lastKnownFileType = sourcecode.swift; path = RouteProgressView.swift; sourceTree = "<group>"; };
		2AA5B1442C0A02BA001EC475 /* FriendsOnRouteWidget.swift */ = {isa = PBXFileReference; lastKnownFileType = sourcecode.swift; path = FriendsOnRouteWidget.swift; sourceTree = "<group>"; };
		2AA5B14D2C0A11C9001EC475 /* DownloadedRoutesWidget.swift */ = {isa = PBXFileReference; lastKnownFileType = sourcecode.swift; path = DownloadedRoutesWidget.swift; sourceTree = "<group>"; };
		2AA5B14F2C0A1396001EC475 /* WidgetError.swift */ = {isa = PBXFileReference; lastKnownFileType = sourcecode.swift; path = WidgetError.swift; sourceTree = "<group>"; };
		2AA5B1522C0A166E001EC475 /* Label.swift */ = {isa = PBXFileReference; lastKnownFileType = sourcecode.swift; path = Label.swift; sourceTree = "<group>"; };
		2AA5B1562C0A18BC001EC475 /* EmptyStateBanner.swift */ = {isa = PBXFileReference; lastKnownFileType = sourcecode.swift; path = EmptyStateBanner.swift; sourceTree = "<group>"; };
		2AA9B8DD2C527D9E001F27B9 /* CreateRoutePath.swift */ = {isa = PBXFileReference; lastKnownFileType = sourcecode.swift; path = CreateRoutePath.swift; sourceTree = "<group>"; };
		2AA9B8DF2C527DC6001F27B9 /* RouteNavigation.swift */ = {isa = PBXFileReference; lastKnownFileType = sourcecode.swift; path = RouteNavigation.swift; sourceTree = "<group>"; };
		2AC56A7F2C28C0F400F7249B /* GoogleService-Info.plist */ = {isa = PBXFileReference; fileEncoding = 4; lastKnownFileType = text.plist.xml; name = "GoogleService-Info.plist"; path = "../../../../../Downloads/GoogleService-Info.plist"; sourceTree = "<group>"; };
		2AC56A882C28C51B00F7249B /* AttractionsService.swift */ = {isa = PBXFileReference; lastKnownFileType = sourcecode.swift; path = AttractionsService.swift; sourceTree = "<group>"; };
		2AC56A8A2C28C6BF00F7249B /* ImagesRepository.swift */ = {isa = PBXFileReference; lastKnownFileType = sourcecode.swift; path = ImagesRepository.swift; sourceTree = "<group>"; };
		2AC56A8C2C2987B900F7249B /* ErrorScreen.swift */ = {isa = PBXFileReference; lastKnownFileType = sourcecode.swift; path = ErrorScreen.swift; sourceTree = "<group>"; };
		2AD4B9602C0CC4A300B90C8A /* MainScreenHeader.swift */ = {isa = PBXFileReference; lastKnownFileType = sourcecode.swift; path = MainScreenHeader.swift; sourceTree = "<group>"; };
		2AD4B9622C0CD98E00B90C8A /* LoadingStyle.swift */ = {isa = PBXFileReference; lastKnownFileType = sourcecode.swift; path = LoadingStyle.swift; sourceTree = "<group>"; };
		2AD4B9642C0CDAFC00B90C8A /* LoadingView.swift */ = {isa = PBXFileReference; lastKnownFileType = sourcecode.swift; path = LoadingView.swift; sourceTree = "<group>"; };
		2AE8A01F2C13A20A005E0F62 /* CreateRouteView.swift */ = {isa = PBXFileReference; lastKnownFileType = sourcecode.swift; path = CreateRouteView.swift; sourceTree = "<group>"; };
		2AE8A0212C13A2C6005E0F62 /* ScreenHeader.swift */ = {isa = PBXFileReference; lastKnownFileType = sourcecode.swift; path = ScreenHeader.swift; sourceTree = "<group>"; };
		2AE8A0232C13ACB2005E0F62 /* AttractionsSearchView.swift */ = {isa = PBXFileReference; lastKnownFileType = sourcecode.swift; path = AttractionsSearchView.swift; sourceTree = "<group>"; };
		2AE8A0282C14A6C4005E0F62 /* YourRoutesCarousel.swift */ = {isa = PBXFileReference; lastKnownFileType = sourcecode.swift; path = YourRoutesCarousel.swift; sourceTree = "<group>"; };
		2AE8A02C2C14BA39005E0F62 /* CreateRouteCard.swift */ = {isa = PBXFileReference; lastKnownFileType = sourcecode.swift; path = CreateRouteCard.swift; sourceTree = "<group>"; };
		2AE8A02E2C14BDB2005E0F62 /* Attraction.swift */ = {isa = PBXFileReference; lastKnownFileType = sourcecode.swift; path = Attraction.swift; sourceTree = "<group>"; };
		2AE8A0342C14E674005E0F62 /* AttractionCard.swift */ = {isa = PBXFileReference; lastKnownFileType = sourcecode.swift; path = AttractionCard.swift; sourceTree = "<group>"; };
		2AE8A0362C14E8D3005E0F62 /* AttractionCategoriesCarousel.swift */ = {isa = PBXFileReference; lastKnownFileType = sourcecode.swift; path = AttractionCategoriesCarousel.swift; sourceTree = "<group>"; };
		2AE8A03B2C14F3C1005E0F62 /* AttractionView.swift */ = {isa = PBXFileReference; lastKnownFileType = sourcecode.swift; path = AttractionView.swift; sourceTree = "<group>"; };
		2AFD1F552C21B26C0061060E /* ImageCodableExtension.swift */ = {isa = PBXFileReference; lastKnownFileType = sourcecode.swift; path = ImageCodableExtension.swift; sourceTree = "<group>"; };
		2AFD1F582C21DAA40061060E /* CoordinatesCodableExtension.swift */ = {isa = PBXFileReference; lastKnownFileType = sourcecode.swift; path = CoordinatesCodableExtension.swift; sourceTree = "<group>"; };
		2AFD1F5A2C21DAC80061060E /* CodableMKRoute.swift */ = {isa = PBXFileReference; lastKnownFileType = sourcecode.swift; path = CodableMKRoute.swift; sourceTree = "<group>"; };
		2AFD1F5C2C21DAEC0061060E /* CodableMKPolyline.swift */ = {isa = PBXFileReference; lastKnownFileType = sourcecode.swift; path = CodableMKPolyline.swift; sourceTree = "<group>"; };
		2AFD1F5E2C237E820061060E /* RoutesStorage.swift */ = {isa = PBXFileReference; lastKnownFileType = sourcecode.swift; path = RoutesStorage.swift; sourceTree = "<group>"; };
		2AFD1F612C237F3E0061060E /* SavedRouteView.swift */ = {isa = PBXFileReference; lastKnownFileType = sourcecode.swift; path = SavedRouteView.swift; sourceTree = "<group>"; };
		2AFD1F642C247FA60061060E /* RouteDataView.swift */ = {isa = PBXFileReference; lastKnownFileType = sourcecode.swift; path = RouteDataView.swift; sourceTree = "<group>"; };
		2AFD1F662C247FDF0061060E /* RouteButton.swift */ = {isa = PBXFileReference; lastKnownFileType = sourcecode.swift; path = RouteButton.swift; sourceTree = "<group>"; };
		2AFD1F6A2C2481930061060E /* RouteMapContent.swift */ = {isa = PBXFileReference; lastKnownFileType = sourcecode.swift; path = RouteMapContent.swift; sourceTree = "<group>"; };
		2AFD1F6C2C248D250061060E /* RouteView.swift */ = {isa = PBXFileReference; lastKnownFileType = sourcecode.swift; path = RouteView.swift; sourceTree = "<group>"; };
		2AFD1F6E2C2497580061060E /* RouteViewModel.swift */ = {isa = PBXFileReference; lastKnownFileType = sourcecode.swift; path = RouteViewModel.swift; sourceTree = "<group>"; };
		2AFD1F732C249F4D0061060E /* ProfileView.swift */ = {isa = PBXFileReference; lastKnownFileType = sourcecode.swift; path = ProfileView.swift; sourceTree = "<group>"; };
		2AFD1F752C249F7F0061060E /* ProfileViewModel.swift */ = {isa = PBXFileReference; lastKnownFileType = sourcecode.swift; path = ProfileViewModel.swift; sourceTree = "<group>"; };
		2AFD1F772C25E2AC0061060E /* DEPRICATED_EditRouteStopsView.swift */ = {isa = PBXFileReference; lastKnownFileType = sourcecode.swift; path = DEPRICATED_EditRouteStopsView.swift; sourceTree = "<group>"; };
		2AFD1F792C25E4770061060E /* CreateStopsView.swift */ = {isa = PBXFileReference; lastKnownFileType = sourcecode.swift; path = CreateStopsView.swift; sourceTree = "<group>"; };
		2AFD1F7B2C2744230061060E /* EditRouteView.swift */ = {isa = PBXFileReference; lastKnownFileType = sourcecode.swift; path = EditRouteView.swift; sourceTree = "<group>"; };
/* End PBXFileReference section */

/* Begin PBXFrameworksBuildPhase section */
		2AA5B1042C08B890001EC475 /* Frameworks */ = {
			isa = PBXFrameworksBuildPhase;
			buildActionMask = 2147483647;
			files = (
				2AC56A842C28C31D00F7249B /* FirebaseAuth in Frameworks */,
				2AC56A862C28C31D00F7249B /* FirebaseStorage in Frameworks */,
			);
			runOnlyForDeploymentPostprocessing = 0;
		};
/* End PBXFrameworksBuildPhase section */

/* Begin PBXGroup section */
		2A0E39DE2C4D769200AC32A4 /* ServiceFiles */ = {
			isa = PBXGroup;
			children = (
				2A0E39E12C4DB66200AC32A4 /* Storage */,
				2A0E39F62C5016E200AC32A4 /* AuthController.swift */,
				2A0E39DF2C4D76AD00AC32A4 /* LocationManager.swift */,
				2A8506912C0A8A65003A3117 /* NetworkMonitor.swift */,
			);
			path = ServiceFiles;
			sourceTree = "<group>";
		};
		2A0E39E12C4DB66200AC32A4 /* Storage */ = {
			isa = PBXGroup;
			children = (
				2A0E39F22C4FF75200AC32A4 /* CurrentRouteStorage.swift */,
				2A0E39E22C4DB68100AC32A4 /* FileManager.swift */,
				2AFD1F5E2C237E820061060E /* RoutesStorage.swift */,
				2A0E39F82C501E9500AC32A4 /* TEMP_UserStorage.swift */,
			);
			path = Storage;
			sourceTree = "<group>";
		};
		2A0E39FC2C5022DB00AC32A4 /* Animations */ = {
			isa = PBXGroup;
			children = (
				2A0E39E42C4E520800AC32A4 /* Fireworks.swift */,
				2A0E39E82C4EC38A00AC32A4 /* Confetti.swift */,
			);
			path = Animations;
			sourceTree = "<group>";
		};
		2A0E39FD2C50237E00AC32A4 /* AuthViews */ = {
			isa = PBXGroup;
			children = (
				2A0E3A042C5043C400AC32A4 /* AuthView.swift */,
			);
			path = AuthViews;
			sourceTree = "<group>";
		};
		2A58EA8F2C40768C00F9A4C0 /* OnRoute */ = {
			isa = PBXGroup;
			children = (
				2A58EA902C40769C00F9A4C0 /* OnRouteView.swift */,
				2A58EA922C40778100F9A4C0 /* OnRouteViewModel.swift */,
				2A0E39E62C4E931200AC32A4 /* FinishRoutePopup.swift */,
				2A0E39EA2C4EF07300AC32A4 /* RouteClock.swift */,
				2A0E39EC2C4F110B00AC32A4 /* StartRouteGreeting.swift */,
			);
			path = OnRoute;
			sourceTree = "<group>";
		};
		2A76D4A82C15D5A2007908E0 /* MapView */ = {
			isa = PBXGroup;
			children = (
				2A76D4B42C162306007908E0 /* MapLinkButton.swift */,
				2AFD1F682C24814A0061060E /* AttractionMap */,
				2AFD1F692C24815C0061060E /* RouteMap */,
			);
			path = MapView;
			sourceTree = "<group>";
		};
		2A76D4B12C1621B0007908E0 /* RouteStops */ = {
			isa = PBXGroup;
			children = (
				2A76D4B22C1621D2007908E0 /* DEPRICATED_RouteStopsView.swift */,
				2A76D4B62C1624D6007908E0 /* RouteStopCard.swift */,
				2A76D4B82C170A6B007908E0 /* PathConnection.swift */,
				2A76D4BA2C171846007908E0 /* RouteStopsViewModel.swift */,
				2AFD1F792C25E4770061060E /* CreateStopsView.swift */,
			);
			path = RouteStops;
			sourceTree = "<group>";
		};
		2A76D4CF2C1CBB3D007908E0 /* FinishCreate */ = {
			isa = PBXGroup;
			children = (
				2A76D4D02C1CBB70007908E0 /* FinishCreateView.swift */,
				2A76D4D62C205DE5007908E0 /* FinishCreateViewModel.swift */,
			);
			path = FinishCreate;
			sourceTree = "<group>";
		};
		2AA5B0FE2C08B890001EC475 = {
			isa = PBXGroup;
			children = (
				2AA5B1092C08B890001EC475 /* LondonExplorer */,
				2AA5B1082C08B890001EC475 /* Products */,
			);
			sourceTree = "<group>";
		};
		2AA5B1082C08B890001EC475 /* Products */ = {
			isa = PBXGroup;
			children = (
				2AA5B1072C08B890001EC475 /* LondonExplorer.app */,
			);
			name = Products;
			sourceTree = "<group>";
		};
		2AA5B1092C08B890001EC475 /* LondonExplorer */ = {
			isa = PBXGroup;
			children = (
				2A0E39FD2C50237E00AC32A4 /* AuthViews */,
				2AC56A872C28C50E00F7249B /* APIs */,
				2AA5B10E2C08B891001EC475 /* Assets.xcassets */,
				2AE8A03A2C14F395005E0F62 /* AttractionView */,
				2AA5B10C2C08B890001EC475 /* ContentView.swift */,
				2AE8A01E2C13A1D4005E0F62 /* CreateRouteScreen */,
				2AC56A7F2C28C0F400F7249B /* GoogleService-Info.plist */,
				2AA5B11F2C08BDB5001EC475 /* Info.plist */,
				2AA5B10A2C08B890001EC475 /* LondonExplorerApp.swift */,
				2AA5B11A2C08B90F001EC475 /* MainScreen */,
				2A76D4A82C15D5A2007908E0 /* MapView */,
				2AA5B1232C08D803001EC475 /* Models */,
				2A58EA8F2C40768C00F9A4C0 /* OnRoute */,
				2AA5B1102C08B891001EC475 /* Preview Content */,
				2AFD1F722C249EE30061060E /* Profile */,
				2AFD1F632C247F690061060E /* Route */,
				2A0E39DE2C4D769200AC32A4 /* ServiceFiles */,
				2AA5B12A2C09049D001EC475 /* SharedComponents */,
				2AA5B13D2C09F662001EC475 /* Styles */,
				2A0E39FA2C50227D00AC32A4 /* TabView.swift */,
			);
			path = LondonExplorer;
			sourceTree = "<group>";
		};
		2AA5B1102C08B891001EC475 /* Preview Content */ = {
			isa = PBXGroup;
			children = (
				2AA5B1112C08B891001EC475 /* Preview Assets.xcassets */,
			);
			path = "Preview Content";
			sourceTree = "<group>";
		};
		2AA5B11A2C08B90F001EC475 /* MainScreen */ = {
			isa = PBXGroup;
			children = (
				2AA5B11B2C08B922001EC475 /* MainScreenElements */,
				2AA5B1182C08B8CC001EC475 /* MainScreenView.swift */,
			);
			path = MainScreen;
			sourceTree = "<group>";
		};
		2AA5B11B2C08B922001EC475 /* MainScreenElements */ = {
			isa = PBXGroup;
			children = (
				2AA5B14D2C0A11C9001EC475 /* DownloadedRoutesWidget.swift */,
				2AA5B1562C0A18BC001EC475 /* EmptyStateBanner.swift */,
				2AA5B1332C0923BD001EC475 /* FriendsFeed.swift */,
				2AA5B1442C0A02BA001EC475 /* FriendsOnRouteWidget.swift */,
				2AD4B9642C0CDAFC00B90C8A /* LoadingView.swift */,
				2AD4B9602C0CC4A300B90C8A /* MainScreenHeader.swift */,
				2AA5B1372C09E4FD001EC475 /* OnRouteWidget.swift */,
				2AA5B12D2C0909BC001EC475 /* SuggestedRoutesCarousel.swift */,
				2AA5B14F2C0A1396001EC475 /* WidgetError.swift */,
			);
			path = MainScreenElements;
			sourceTree = "<group>";
		};
		2AA5B11E2C08BA83001EC475 /* Fonts */ = {
			isa = PBXGroup;
			children = (
				2AA5B11C2C08B9BE001EC475 /* Sirukota.ttf */,
			);
			path = Fonts;
			sourceTree = "<group>";
		};
		2AA5B1202C08D79B001EC475 /* MockData */ = {
			isa = PBXGroup;
			children = (
				2AA5B1212C08D7C1001EC475 /* MockData.swift */,
			);
			path = MockData;
			sourceTree = "<group>";
		};
		2AA5B1232C08D803001EC475 /* Models */ = {
			isa = PBXGroup;
			children = (
				2AFD1F572C21DA820061060E /* Codables */,
				2AA5B1512C0A165B001EC475 /* Enums */,
				2AA5B1202C08D79B001EC475 /* MockData */,
				2AA5B1262C08E17E001EC475 /* FriendUpdate.swift */,
				2AE8A02E2C14BDB2005E0F62 /* Attraction.swift */,
				2AA5B1242C08D885001EC475 /* Route.swift */,
				2AA5B1392C09E52B001EC475 /* RouteProgress.swift */,
				2AA5B13B2C09E5E5001EC475 /* User.swift */,
			);
			path = Models;
			sourceTree = "<group>";
		};
		2AA5B12A2C09049D001EC475 /* SharedComponents */ = {
			isa = PBXGroup;
			children = (
				2A0E39EE2C4FF4FA00AC32A4 /* ActionBanner.swift */,
				2AE8A0362C14E8D3005E0F62 /* AttractionCategoriesCarousel.swift */,
				2A76D4BE2C172AAD007908E0 /* BackButton.swift */,
				2A76D4AD2C15FF56007908E0 /* ButtonView.swift */,
				2A76D4AF2C160C2D007908E0 /* CategoryLabel.swift */,
				2A76D4D42C1F6C05007908E0 /* CustomTextField.swift */,
				2AC56A8C2C2987B900F7249B /* ErrorScreen.swift */,
				2AA5B1352C09D7BB001EC475 /* FeedUpdate.swift */,
				2A76D4A62C15D13D007908E0 /* ImagesSlidesHeader.swift */,
				2AA5B1282C090417001EC475 /* LondonExplorerLogo.swift */,
				2A76D4CD2C1B9653007908E0 /* PopUp.swift */,
				2A58EA942C40788200F9A4C0 /* RouteAttractionAnnotation.swift */,
				2AA5B12B2C0904C5001EC475 /* RouteCard.swift */,
				2A76D4D22C1F6A65007908E0 /* RouteLabelRow.swift */,
				2AA5B1402C09FB2E001EC475 /* RouteProgressBar.swift */,
				2A0E39DC2C4D59E300AC32A4 /* RouteProgressStat.swift */,
				2AA5B1422C0A017E001EC475 /* RouteProgressView.swift */,
				2A76D4C52C18F849007908E0 /* RouteStopsList.swift */,
				2AE8A0212C13A2C6005E0F62 /* ScreenHeader.swift */,
				2AA5B1312C090EE4001EC475 /* SectionHeader.swift */,
			);
			path = SharedComponents;
			sourceTree = "<group>";
		};
		2AA5B13D2C09F662001EC475 /* Styles */ = {
			isa = PBXGroup;
			children = (
				2A0E39FC2C5022DB00AC32A4 /* Animations */,
				2AA5B11E2C08BA83001EC475 /* Fonts */,
				2AA5B13E2C09F673001EC475 /* ImageStyles.swift */,
				2AA5B12F2C090A33001EC475 /* TextStyles.swift */,
				2AD4B9622C0CD98E00B90C8A /* LoadingStyle.swift */,
			);
			path = Styles;
			sourceTree = "<group>";
		};
		2AA5B1512C0A165B001EC475 /* Enums */ = {
			isa = PBXGroup;
			children = (
				2AA5B1522C0A166E001EC475 /* Label.swift */,
				2AA9B8DD2C527D9E001F27B9 /* CreateRoutePath.swift */,
				2AA9B8DF2C527DC6001F27B9 /* RouteNavigation.swift */,
			);
			path = Enums;
			sourceTree = "<group>";
		};
		2AC56A7C2C28381500F7249B /* EditRoute */ = {
			isa = PBXGroup;
			children = (
				2AFD1F772C25E2AC0061060E /* DEPRICATED_EditRouteStopsView.swift */,
				2AFD1F7B2C2744230061060E /* EditRouteView.swift */,
			);
			path = EditRoute;
			sourceTree = "<group>";
		};
		2AC56A872C28C50E00F7249B /* APIs */ = {
			isa = PBXGroup;
			children = (
				2AC56A882C28C51B00F7249B /* AttractionsService.swift */,
				2AC56A8A2C28C6BF00F7249B /* ImagesRepository.swift */,
				2A0E3A082C51801100AC32A4 /* RoutesService.swift */,
				2A0E3A062C51800100AC32A4 /* UsersService.swift */,
			);
			path = APIs;
			sourceTree = "<group>";
		};
		2AE8A01E2C13A1D4005E0F62 /* CreateRouteScreen */ = {
			isa = PBXGroup;
			children = (
				2AE8A0252C14A675005E0F62 /* CreateRoute */,
				2AE8A0262C14A694005E0F62 /* AttractionsSearch */,
				2A76D4B12C1621B0007908E0 /* RouteStops */,
				2A76D4CF2C1CBB3D007908E0 /* FinishCreate */,
				2AFD1F602C237F260061060E /* SavedRoute */,
			);
			path = CreateRouteScreen;
			sourceTree = "<group>";
		};
		2AE8A0252C14A675005E0F62 /* CreateRoute */ = {
			isa = PBXGroup;
			children = (
				2AE8A0322C14E4FA005E0F62 /* CreateRouteScreenElements */,
				2AE8A01F2C13A20A005E0F62 /* CreateRouteView.swift */,
			);
			path = CreateRoute;
			sourceTree = "<group>";
			usesTabs = 0;
		};
		2AE8A0262C14A694005E0F62 /* AttractionsSearch */ = {
			isa = PBXGroup;
			children = (
				2AE8A0332C14E54C005E0F62 /* AttractionSearchElements */,
				2AE8A0232C13ACB2005E0F62 /* AttractionsSearchView.swift */,
				2A76D4BC2C171FD3007908E0 /* AttractionSearchViewModel.swift */,
			);
			path = AttractionsSearch;
			sourceTree = "<group>";
		};
		2AE8A0322C14E4FA005E0F62 /* CreateRouteScreenElements */ = {
			isa = PBXGroup;
			children = (
				2AE8A0282C14A6C4005E0F62 /* YourRoutesCarousel.swift */,
				2AE8A02C2C14BA39005E0F62 /* CreateRouteCard.swift */,
			);
			path = CreateRouteScreenElements;
			sourceTree = "<group>";
		};
		2AE8A0332C14E54C005E0F62 /* AttractionSearchElements */ = {
			isa = PBXGroup;
			children = (
				2AE8A0342C14E674005E0F62 /* AttractionCard.swift */,
				2A76D4C02C1736C1007908E0 /* AttractionListButton.swift */,
			);
			path = AttractionSearchElements;
			sourceTree = "<group>";
		};
		2AE8A03A2C14F395005E0F62 /* AttractionView */ = {
			isa = PBXGroup;
			children = (
				2AE8A03B2C14F3C1005E0F62 /* AttractionView.swift */,
				2A0E39DA2C4D4D2B00AC32A4 /* AttractionViewModel.swift */,
			);
			path = AttractionView;
			sourceTree = "<group>";
		};
		2AFD1F572C21DA820061060E /* Codables */ = {
			isa = PBXGroup;
			children = (
				2AFD1F552C21B26C0061060E /* ImageCodableExtension.swift */,
				2AFD1F582C21DAA40061060E /* CoordinatesCodableExtension.swift */,
				2AFD1F5A2C21DAC80061060E /* CodableMKRoute.swift */,
				2AFD1F5C2C21DAEC0061060E /* CodableMKPolyline.swift */,
			);
			path = Codables;
			sourceTree = "<group>";
		};
		2AFD1F602C237F260061060E /* SavedRoute */ = {
			isa = PBXGroup;
			children = (
				2AFD1F612C237F3E0061060E /* SavedRouteView.swift */,
			);
			path = SavedRoute;
			sourceTree = "<group>";
		};
		2AFD1F632C247F690061060E /* Route */ = {
			isa = PBXGroup;
			children = (
				2AC56A7C2C28381500F7249B /* EditRoute */,
				2AFD1F642C247FA60061060E /* RouteDataView.swift */,
				2AFD1F662C247FDF0061060E /* RouteButton.swift */,
				2AFD1F6C2C248D250061060E /* RouteView.swift */,
				2AFD1F6E2C2497580061060E /* RouteViewModel.swift */,
			);
			path = Route;
			sourceTree = "<group>";
		};
		2AFD1F682C24814A0061060E /* AttractionMap */ = {
			isa = PBXGroup;
			children = (
				2A76D4AB2C15F2D7007908E0 /* AttractionSheetContent.swift */,
				2A76D4A92C15D5D7007908E0 /* MapAttractionView.swift */,
				2A76D4A42C15C944007908E0 /* MapContent.swift */,
			);
			path = AttractionMap;
			sourceTree = "<group>";
		};
		2AFD1F692C24815C0061060E /* RouteMap */ = {
			isa = PBXGroup;
			children = (
				2A76D4C72C1A0A35007908E0 /* MapRouteView.swift */,
				2A76D4C22C18F7E5007908E0 /* RouteSheetContent.swift */,
				2AFD1F6A2C2481930061060E /* RouteMapContent.swift */,
			);
			path = RouteMap;
			sourceTree = "<group>";
		};
		2AFD1F722C249EE30061060E /* Profile */ = {
			isa = PBXGroup;
			children = (
				2AFD1F732C249F4D0061060E /* ProfileView.swift */,
				2AFD1F752C249F7F0061060E /* ProfileViewModel.swift */,
				2A0E39F02C4FF6E100AC32A4 /* FinishedRoutesView.swift */,
				2A0E3A0A2C51A78A00AC32A4 /* FinishedRoutesViewModel.swift */,
			);
			path = Profile;
			sourceTree = "<group>";
		};
/* End PBXGroup section */

/* Begin PBXNativeTarget section */
		2AA5B1062C08B890001EC475 /* LondonExplorer */ = {
			isa = PBXNativeTarget;
			buildConfigurationList = 2AA5B1152C08B891001EC475 /* Build configuration list for PBXNativeTarget "LondonExplorer" */;
			buildPhases = (
				2AA5B1032C08B890001EC475 /* Sources */,
				2AA5B1042C08B890001EC475 /* Frameworks */,
				2AA5B1052C08B890001EC475 /* Resources */,
			);
			buildRules = (
				2AC56A812C28C14600F7249B /* PBXBuildRule */,
			);
			dependencies = (
			);
			name = LondonExplorer;
			packageProductDependencies = (
				2AC56A832C28C31D00F7249B /* FirebaseAuth */,
				2AC56A852C28C31D00F7249B /* FirebaseStorage */,
			);
			productName = LondonExplorer;
			productReference = 2AA5B1072C08B890001EC475 /* LondonExplorer.app */;
			productType = "com.apple.product-type.application";
		};
/* End PBXNativeTarget section */

/* Begin PBXProject section */
		2AA5B0FF2C08B890001EC475 /* Project object */ = {
			isa = PBXProject;
			attributes = {
				BuildIndependentTargetsInParallel = 1;
				LastSwiftUpdateCheck = 1540;
				LastUpgradeCheck = 1540;
				TargetAttributes = {
					2AA5B1062C08B890001EC475 = {
						CreatedOnToolsVersion = 15.4;
					};
				};
			};
			buildConfigurationList = 2AA5B1022C08B890001EC475 /* Build configuration list for PBXProject "LondonExplorer" */;
			compatibilityVersion = "Xcode 14.0";
			developmentRegion = en;
			hasScannedForEncodings = 0;
			knownRegions = (
				en,
				Base,
			);
			mainGroup = 2AA5B0FE2C08B890001EC475;
			packageReferences = (
				2AC56A822C28C31D00F7249B /* XCRemoteSwiftPackageReference "firebase-ios-sdk" */,
			);
			productRefGroup = 2AA5B1082C08B890001EC475 /* Products */;
			projectDirPath = "";
			projectRoot = "";
			targets = (
				2AA5B1062C08B890001EC475 /* LondonExplorer */,
			);
		};
/* End PBXProject section */

/* Begin PBXResourcesBuildPhase section */
		2AA5B1052C08B890001EC475 /* Resources */ = {
			isa = PBXResourcesBuildPhase;
			buildActionMask = 2147483647;
			files = (
				2AA5B1122C08B891001EC475 /* Preview Assets.xcassets in Resources */,
				2AC56A802C28C0F400F7249B /* GoogleService-Info.plist in Resources */,
				2AA5B10F2C08B891001EC475 /* Assets.xcassets in Resources */,
				2AA5B11D2C08B9BE001EC475 /* Sirukota.ttf in Resources */,
			);
			runOnlyForDeploymentPostprocessing = 0;
		};
/* End PBXResourcesBuildPhase section */

/* Begin PBXSourcesBuildPhase section */
		2AA5B1032C08B890001EC475 /* Sources */ = {
			isa = PBXSourcesBuildPhase;
			buildActionMask = 2147483647;
			files = (
				2A76D4B52C162306007908E0 /* MapLinkButton.swift in Sources */,
				2A0E39ED2C4F110B00AC32A4 /* StartRouteGreeting.swift in Sources */,
				2AFD1F6D2C248D250061060E /* RouteView.swift in Sources */,
				2AFD1F6F2C2497580061060E /* RouteViewModel.swift in Sources */,
				2AFD1F782C25E2AC0061060E /* DEPRICATED_EditRouteStopsView.swift in Sources */,
				2AA5B13A2C09E52B001EC475 /* RouteProgress.swift in Sources */,
				2A0E39E72C4E931200AC32A4 /* FinishRoutePopup.swift in Sources */,
				2AA5B1272C08E17E001EC475 /* FriendUpdate.swift in Sources */,
				2A76D4B92C170A6B007908E0 /* PathConnection.swift in Sources */,
				2AFD1F6B2C2481930061060E /* RouteMapContent.swift in Sources */,
				2A76D4D32C1F6A65007908E0 /* RouteLabelRow.swift in Sources */,
				2AFD1F5F2C237E820061060E /* RoutesStorage.swift in Sources */,
				2A0E39DD2C4D59E300AC32A4 /* RouteProgressStat.swift in Sources */,
				2A76D4BF2C172AAD007908E0 /* BackButton.swift in Sources */,
				2AFD1F5B2C21DAC80061060E /* CodableMKRoute.swift in Sources */,
				2A76D4B02C160C2D007908E0 /* CategoryLabel.swift in Sources */,
				2A58EA952C40788200F9A4C0 /* RouteAttractionAnnotation.swift in Sources */,
				2AE8A0292C14A6C4005E0F62 /* YourRoutesCarousel.swift in Sources */,
				2AA5B1222C08D7C1001EC475 /* MockData.swift in Sources */,
				2AA5B1432C0A017E001EC475 /* RouteProgressView.swift in Sources */,
				2A0E39F12C4FF6E100AC32A4 /* FinishedRoutesView.swift in Sources */,
				2A76D4BB2C171846007908E0 /* RouteStopsViewModel.swift in Sources */,
				2A0E39DB2C4D4D2B00AC32A4 /* AttractionViewModel.swift in Sources */,
				2AD4B9612C0CC4A300B90C8A /* MainScreenHeader.swift in Sources */,
				2AE8A0202C13A20A005E0F62 /* CreateRouteView.swift in Sources */,
				2AD4B9652C0CDAFC00B90C8A /* LoadingView.swift in Sources */,
				2AA5B1362C09D7BB001EC475 /* FeedUpdate.swift in Sources */,
				2A76D4B32C1621D2007908E0 /* DEPRICATED_RouteStopsView.swift in Sources */,
				2AA9B8E02C527DC6001F27B9 /* RouteNavigation.swift in Sources */,
				2AFD1F5D2C21DAEC0061060E /* CodableMKPolyline.swift in Sources */,
				2AD4B9632C0CD98E00B90C8A /* LoadingStyle.swift in Sources */,
				2AA5B13C2C09E5E5001EC475 /* User.swift in Sources */,
				2A0E39F92C501E9500AC32A4 /* TEMP_UserStorage.swift in Sources */,
				2AA5B1302C090A33001EC475 /* TextStyles.swift in Sources */,
				2AE8A0352C14E674005E0F62 /* AttractionCard.swift in Sources */,
				2AA9B8DE2C527D9E001F27B9 /* CreateRoutePath.swift in Sources */,
				2A0E39E32C4DB68100AC32A4 /* FileManager.swift in Sources */,
				2AA5B1572C0A18BC001EC475 /* EmptyStateBanner.swift in Sources */,
				2AA5B1532C0A166E001EC475 /* Label.swift in Sources */,
				2AFD1F672C247FDF0061060E /* RouteButton.swift in Sources */,
				2AA5B10D2C08B890001EC475 /* ContentView.swift in Sources */,
				2AFD1F762C249F7F0061060E /* ProfileViewModel.swift in Sources */,
				2AFD1F592C21DAA40061060E /* CoordinatesCodableExtension.swift in Sources */,
				2AA5B12C2C0904C5001EC475 /* RouteCard.swift in Sources */,
				2A58EA912C40769C00F9A4C0 /* OnRouteView.swift in Sources */,
				2AFD1F652C247FA60061060E /* RouteDataView.swift in Sources */,
				2A76D4AA2C15D5D7007908E0 /* MapAttractionView.swift in Sources */,
				2A0E39E52C4E520800AC32A4 /* Fireworks.swift in Sources */,
				2AA5B1412C09FB2E001EC475 /* RouteProgressBar.swift in Sources */,
				2AC56A892C28C51B00F7249B /* AttractionsService.swift in Sources */,
				2A76D4C32C18F7E5007908E0 /* RouteSheetContent.swift in Sources */,
				2AE8A0372C14E8D3005E0F62 /* AttractionCategoriesCarousel.swift in Sources */,
				2A58EA932C40778100F9A4C0 /* OnRouteViewModel.swift in Sources */,
				2AFD1F7C2C2744230061060E /* EditRouteView.swift in Sources */,
				2A76D4C62C18F849007908E0 /* RouteStopsList.swift in Sources */,
				2A76D4AE2C15FF56007908E0 /* ButtonView.swift in Sources */,
				2A0E3A0B2C51A78A00AC32A4 /* FinishedRoutesViewModel.swift in Sources */,
				2A0E39E92C4EC38A00AC32A4 /* Confetti.swift in Sources */,
				2AE8A02D2C14BA39005E0F62 /* CreateRouteCard.swift in Sources */,
				2AFD1F742C249F4D0061060E /* ProfileView.swift in Sources */,
				2A8506922C0A8A65003A3117 /* NetworkMonitor.swift in Sources */,
				2A0E39EF2C4FF4FA00AC32A4 /* ActionBanner.swift in Sources */,
				2A0E39E02C4D76AD00AC32A4 /* LocationManager.swift in Sources */,
				2AC56A8B2C28C6BF00F7249B /* ImagesRepository.swift in Sources */,
				2AA5B1192C08B8CC001EC475 /* MainScreenView.swift in Sources */,
				2AA5B1292C090417001EC475 /* LondonExplorerLogo.swift in Sources */,
				2A0E3A052C5043C400AC32A4 /* AuthView.swift in Sources */,
				2A76D4D52C1F6C05007908E0 /* CustomTextField.swift in Sources */,
				2A0E3A072C51800100AC32A4 /* UsersService.swift in Sources */,
				2A76D4D12C1CBB70007908E0 /* FinishCreateView.swift in Sources */,
				2A0E39FB2C50227D00AC32A4 /* TabView.swift in Sources */,
				2AA5B12E2C0909BC001EC475 /* SuggestedRoutesCarousel.swift in Sources */,
				2AA5B14E2C0A11C9001EC475 /* DownloadedRoutesWidget.swift in Sources */,
				2AFD1F7A2C25E4770061060E /* CreateStopsView.swift in Sources */,
				2AA5B1322C090EE4001EC475 /* SectionHeader.swift in Sources */,
				2A0E39F32C4FF75200AC32A4 /* CurrentRouteStorage.swift in Sources */,
				2AFD1F622C237F3E0061060E /* SavedRouteView.swift in Sources */,
				2AA5B13F2C09F673001EC475 /* ImageStyles.swift in Sources */,
				2AFD1F562C21B26C0061060E /* ImageCodableExtension.swift in Sources */,
				2AA5B1382C09E4FD001EC475 /* OnRouteWidget.swift in Sources */,
				2AC56A8D2C2987B900F7249B /* ErrorScreen.swift in Sources */,
				2A76D4A52C15C944007908E0 /* MapContent.swift in Sources */,
				2AA5B1502C0A1396001EC475 /* WidgetError.swift in Sources */,
				2AA5B1452C0A02BA001EC475 /* FriendsOnRouteWidget.swift in Sources */,
				2AA5B1252C08D885001EC475 /* Route.swift in Sources */,
				2AA5B1342C0923BD001EC475 /* FriendsFeed.swift in Sources */,
				2A76D4A72C15D13D007908E0 /* ImagesSlidesHeader.swift in Sources */,
				2AE8A0222C13A2C6005E0F62 /* ScreenHeader.swift in Sources */,
				2A0E39F72C5016E200AC32A4 /* AuthController.swift in Sources */,
				2A76D4C12C1736C1007908E0 /* AttractionListButton.swift in Sources */,
				2A76D4CE2C1B9653007908E0 /* PopUp.swift in Sources */,
				2AA5B10B2C08B890001EC475 /* LondonExplorerApp.swift in Sources */,
				2AE8A02F2C14BDB2005E0F62 /* Attraction.swift in Sources */,
				2A0E39EB2C4EF07300AC32A4 /* RouteClock.swift in Sources */,
				2A76D4B72C1624D6007908E0 /* RouteStopCard.swift in Sources */,
				2A76D4C82C1A0A35007908E0 /* MapRouteView.swift in Sources */,
				2AE8A03C2C14F3C1005E0F62 /* AttractionView.swift in Sources */,
				2A76D4AC2C15F2D7007908E0 /* AttractionSheetContent.swift in Sources */,
				2A76D4D72C205DE5007908E0 /* FinishCreateViewModel.swift in Sources */,
				2A0E3A092C51801200AC32A4 /* RoutesService.swift in Sources */,
				2AE8A0242C13ACB2005E0F62 /* AttractionsSearchView.swift in Sources */,
				2A76D4BD2C171FD3007908E0 /* AttractionSearchViewModel.swift in Sources */,
			);
			runOnlyForDeploymentPostprocessing = 0;
		};
/* End PBXSourcesBuildPhase section */

/* Begin XCBuildConfiguration section */
		2AA5B1132C08B891001EC475 /* Debug */ = {
			isa = XCBuildConfiguration;
			buildSettings = {
				ALWAYS_SEARCH_USER_PATHS = NO;
				ASSETCATALOG_COMPILER_GENERATE_SWIFT_ASSET_SYMBOL_EXTENSIONS = YES;
				CLANG_ANALYZER_NONNULL = YES;
				CLANG_ANALYZER_NUMBER_OBJECT_CONVERSION = YES_AGGRESSIVE;
				CLANG_CXX_LANGUAGE_STANDARD = "gnu++20";
				CLANG_ENABLE_MODULES = YES;
				CLANG_ENABLE_OBJC_ARC = YES;
				CLANG_ENABLE_OBJC_WEAK = YES;
				CLANG_WARN_BLOCK_CAPTURE_AUTORELEASING = YES;
				CLANG_WARN_BOOL_CONVERSION = YES;
				CLANG_WARN_COMMA = YES;
				CLANG_WARN_CONSTANT_CONVERSION = YES;
				CLANG_WARN_DEPRECATED_OBJC_IMPLEMENTATIONS = YES;
				CLANG_WARN_DIRECT_OBJC_ISA_USAGE = YES_ERROR;
				CLANG_WARN_DOCUMENTATION_COMMENTS = YES;
				CLANG_WARN_EMPTY_BODY = YES;
				CLANG_WARN_ENUM_CONVERSION = YES;
				CLANG_WARN_INFINITE_RECURSION = YES;
				CLANG_WARN_INT_CONVERSION = YES;
				CLANG_WARN_NON_LITERAL_NULL_CONVERSION = YES;
				CLANG_WARN_OBJC_IMPLICIT_RETAIN_SELF = YES;
				CLANG_WARN_OBJC_LITERAL_CONVERSION = YES;
				CLANG_WARN_OBJC_ROOT_CLASS = YES_ERROR;
				CLANG_WARN_QUOTED_INCLUDE_IN_FRAMEWORK_HEADER = YES;
				CLANG_WARN_RANGE_LOOP_ANALYSIS = YES;
				CLANG_WARN_STRICT_PROTOTYPES = YES;
				CLANG_WARN_SUSPICIOUS_MOVE = YES;
				CLANG_WARN_UNGUARDED_AVAILABILITY = YES_AGGRESSIVE;
				CLANG_WARN_UNREACHABLE_CODE = YES;
				CLANG_WARN__DUPLICATE_METHOD_MATCH = YES;
				COPY_PHASE_STRIP = NO;
				DEBUG_INFORMATION_FORMAT = dwarf;
				ENABLE_STRICT_OBJC_MSGSEND = YES;
				ENABLE_TESTABILITY = YES;
				ENABLE_USER_SCRIPT_SANDBOXING = YES;
				GCC_C_LANGUAGE_STANDARD = gnu17;
				GCC_DYNAMIC_NO_PIC = NO;
				GCC_NO_COMMON_BLOCKS = YES;
				GCC_OPTIMIZATION_LEVEL = 0;
				GCC_PREPROCESSOR_DEFINITIONS = (
					"DEBUG=1",
					"$(inherited)",
				);
				GCC_WARN_64_TO_32_BIT_CONVERSION = YES;
				GCC_WARN_ABOUT_RETURN_TYPE = YES_ERROR;
				GCC_WARN_UNDECLARED_SELECTOR = YES;
				GCC_WARN_UNINITIALIZED_AUTOS = YES_AGGRESSIVE;
				GCC_WARN_UNUSED_FUNCTION = YES;
				GCC_WARN_UNUSED_VARIABLE = YES;
				IPHONEOS_DEPLOYMENT_TARGET = 17.5;
				LOCALIZATION_PREFERS_STRING_CATALOGS = YES;
				MTL_ENABLE_DEBUG_INFO = INCLUDE_SOURCE;
				MTL_FAST_MATH = YES;
				ONLY_ACTIVE_ARCH = YES;
				SDKROOT = iphoneos;
				SWIFT_ACTIVE_COMPILATION_CONDITIONS = "DEBUG $(inherited)";
				SWIFT_OPTIMIZATION_LEVEL = "-Onone";
			};
			name = Debug;
		};
		2AA5B1142C08B891001EC475 /* Release */ = {
			isa = XCBuildConfiguration;
			buildSettings = {
				ALWAYS_SEARCH_USER_PATHS = NO;
				ASSETCATALOG_COMPILER_GENERATE_SWIFT_ASSET_SYMBOL_EXTENSIONS = YES;
				CLANG_ANALYZER_NONNULL = YES;
				CLANG_ANALYZER_NUMBER_OBJECT_CONVERSION = YES_AGGRESSIVE;
				CLANG_CXX_LANGUAGE_STANDARD = "gnu++20";
				CLANG_ENABLE_MODULES = YES;
				CLANG_ENABLE_OBJC_ARC = YES;
				CLANG_ENABLE_OBJC_WEAK = YES;
				CLANG_WARN_BLOCK_CAPTURE_AUTORELEASING = YES;
				CLANG_WARN_BOOL_CONVERSION = YES;
				CLANG_WARN_COMMA = YES;
				CLANG_WARN_CONSTANT_CONVERSION = YES;
				CLANG_WARN_DEPRECATED_OBJC_IMPLEMENTATIONS = YES;
				CLANG_WARN_DIRECT_OBJC_ISA_USAGE = YES_ERROR;
				CLANG_WARN_DOCUMENTATION_COMMENTS = YES;
				CLANG_WARN_EMPTY_BODY = YES;
				CLANG_WARN_ENUM_CONVERSION = YES;
				CLANG_WARN_INFINITE_RECURSION = YES;
				CLANG_WARN_INT_CONVERSION = YES;
				CLANG_WARN_NON_LITERAL_NULL_CONVERSION = YES;
				CLANG_WARN_OBJC_IMPLICIT_RETAIN_SELF = YES;
				CLANG_WARN_OBJC_LITERAL_CONVERSION = YES;
				CLANG_WARN_OBJC_ROOT_CLASS = YES_ERROR;
				CLANG_WARN_QUOTED_INCLUDE_IN_FRAMEWORK_HEADER = YES;
				CLANG_WARN_RANGE_LOOP_ANALYSIS = YES;
				CLANG_WARN_STRICT_PROTOTYPES = YES;
				CLANG_WARN_SUSPICIOUS_MOVE = YES;
				CLANG_WARN_UNGUARDED_AVAILABILITY = YES_AGGRESSIVE;
				CLANG_WARN_UNREACHABLE_CODE = YES;
				CLANG_WARN__DUPLICATE_METHOD_MATCH = YES;
				COPY_PHASE_STRIP = NO;
				DEBUG_INFORMATION_FORMAT = "dwarf-with-dsym";
				ENABLE_NS_ASSERTIONS = NO;
				ENABLE_STRICT_OBJC_MSGSEND = YES;
				ENABLE_USER_SCRIPT_SANDBOXING = YES;
				GCC_C_LANGUAGE_STANDARD = gnu17;
				GCC_NO_COMMON_BLOCKS = YES;
				GCC_WARN_64_TO_32_BIT_CONVERSION = YES;
				GCC_WARN_ABOUT_RETURN_TYPE = YES_ERROR;
				GCC_WARN_UNDECLARED_SELECTOR = YES;
				GCC_WARN_UNINITIALIZED_AUTOS = YES_AGGRESSIVE;
				GCC_WARN_UNUSED_FUNCTION = YES;
				GCC_WARN_UNUSED_VARIABLE = YES;
				IPHONEOS_DEPLOYMENT_TARGET = 17.5;
				LOCALIZATION_PREFERS_STRING_CATALOGS = YES;
				MTL_ENABLE_DEBUG_INFO = NO;
				MTL_FAST_MATH = YES;
				SDKROOT = iphoneos;
				SWIFT_COMPILATION_MODE = wholemodule;
				VALIDATE_PRODUCT = YES;
			};
			name = Release;
		};
		2AA5B1162C08B891001EC475 /* Debug */ = {
			isa = XCBuildConfiguration;
			buildSettings = {
				ASSETCATALOG_COMPILER_APPICON_NAME = AppIcon;
				ASSETCATALOG_COMPILER_GLOBAL_ACCENT_COLOR_NAME = AccentColor;
				CODE_SIGN_STYLE = Automatic;
				CURRENT_PROJECT_VERSION = 1;
				DEVELOPMENT_ASSET_PATHS = "\"LondonExplorer/Preview Content\"";
				ENABLE_PREVIEWS = YES;
				GENERATE_INFOPLIST_FILE = YES;
				INFOPLIST_FILE = LondonExplorer/Info.plist;
				INFOPLIST_KEY_UIApplicationSceneManifest_Generation = YES;
				INFOPLIST_KEY_UIApplicationSupportsIndirectInputEvents = YES;
				INFOPLIST_KEY_UILaunchScreen_Generation = YES;
				INFOPLIST_KEY_UISupportedInterfaceOrientations_iPad = "UIInterfaceOrientationPortrait UIInterfaceOrientationPortraitUpsideDown UIInterfaceOrientationLandscapeLeft UIInterfaceOrientationLandscapeRight";
				INFOPLIST_KEY_UISupportedInterfaceOrientations_iPhone = "UIInterfaceOrientationPortrait UIInterfaceOrientationLandscapeLeft UIInterfaceOrientationLandscapeRight";
				LD_RUNPATH_SEARCH_PATHS = (
					"$(inherited)",
					"@executable_path/Frameworks",
				);
				MARKETING_VERSION = 1.0;
				PRODUCT_BUNDLE_IDENTIFIER = galina.LondonExplorer;
				PRODUCT_NAME = "$(TARGET_NAME)";
				SWIFT_EMIT_LOC_STRINGS = YES;
				SWIFT_VERSION = 5.0;
				TARGETED_DEVICE_FAMILY = "1,2";
			};
			name = Debug;
		};
		2AA5B1172C08B891001EC475 /* Release */ = {
			isa = XCBuildConfiguration;
			buildSettings = {
				ASSETCATALOG_COMPILER_APPICON_NAME = AppIcon;
				ASSETCATALOG_COMPILER_GLOBAL_ACCENT_COLOR_NAME = AccentColor;
				CODE_SIGN_STYLE = Automatic;
				CURRENT_PROJECT_VERSION = 1;
				DEVELOPMENT_ASSET_PATHS = "\"LondonExplorer/Preview Content\"";
				ENABLE_PREVIEWS = YES;
				GENERATE_INFOPLIST_FILE = YES;
				INFOPLIST_FILE = LondonExplorer/Info.plist;
				INFOPLIST_KEY_UIApplicationSceneManifest_Generation = YES;
				INFOPLIST_KEY_UIApplicationSupportsIndirectInputEvents = YES;
				INFOPLIST_KEY_UILaunchScreen_Generation = YES;
				INFOPLIST_KEY_UISupportedInterfaceOrientations_iPad = "UIInterfaceOrientationPortrait UIInterfaceOrientationPortraitUpsideDown UIInterfaceOrientationLandscapeLeft UIInterfaceOrientationLandscapeRight";
				INFOPLIST_KEY_UISupportedInterfaceOrientations_iPhone = "UIInterfaceOrientationPortrait UIInterfaceOrientationLandscapeLeft UIInterfaceOrientationLandscapeRight";
				LD_RUNPATH_SEARCH_PATHS = (
					"$(inherited)",
					"@executable_path/Frameworks",
				);
				MARKETING_VERSION = 1.0;
				PRODUCT_BUNDLE_IDENTIFIER = galina.LondonExplorer;
				PRODUCT_NAME = "$(TARGET_NAME)";
				SWIFT_EMIT_LOC_STRINGS = YES;
				SWIFT_VERSION = 5.0;
				TARGETED_DEVICE_FAMILY = "1,2";
			};
			name = Release;
		};
/* End XCBuildConfiguration section */

/* Begin XCConfigurationList section */
		2AA5B1022C08B890001EC475 /* Build configuration list for PBXProject "LondonExplorer" */ = {
			isa = XCConfigurationList;
			buildConfigurations = (
				2AA5B1132C08B891001EC475 /* Debug */,
				2AA5B1142C08B891001EC475 /* Release */,
			);
			defaultConfigurationIsVisible = 0;
			defaultConfigurationName = Release;
		};
		2AA5B1152C08B891001EC475 /* Build configuration list for PBXNativeTarget "LondonExplorer" */ = {
			isa = XCConfigurationList;
			buildConfigurations = (
				2AA5B1162C08B891001EC475 /* Debug */,
				2AA5B1172C08B891001EC475 /* Release */,
			);
			defaultConfigurationIsVisible = 0;
			defaultConfigurationName = Release;
		};
/* End XCConfigurationList section */

/* Begin XCRemoteSwiftPackageReference section */
		2AC56A822C28C31D00F7249B /* XCRemoteSwiftPackageReference "firebase-ios-sdk" */ = {
			isa = XCRemoteSwiftPackageReference;
			repositoryURL = "https://github.com/firebase/firebase-ios-sdk";
			requirement = {
				kind = upToNextMajorVersion;
				minimumVersion = 10.28.0;
			};
		};
/* End XCRemoteSwiftPackageReference section */

/* Begin XCSwiftPackageProductDependency section */
		2AC56A832C28C31D00F7249B /* FirebaseAuth */ = {
			isa = XCSwiftPackageProductDependency;
			package = 2AC56A822C28C31D00F7249B /* XCRemoteSwiftPackageReference "firebase-ios-sdk" */;
			productName = FirebaseAuth;
		};
		2AC56A852C28C31D00F7249B /* FirebaseStorage */ = {
			isa = XCSwiftPackageProductDependency;
			package = 2AC56A822C28C31D00F7249B /* XCRemoteSwiftPackageReference "firebase-ios-sdk" */;
			productName = FirebaseStorage;
		};
/* End XCSwiftPackageProductDependency section */
	};
	rootObject = 2AA5B0FF2C08B890001EC475 /* Project object */;
}
